// !$*UTF8*$!
{
	archiveVersion = 1;
	classes = {
	};
	objectVersion = 56;
	objects = {

/* Begin PBXBuildFile section */
		233AECA22920D6D500036360 /* Road_Sign_DetectorApp.swift in Sources */ = {isa = PBXBuildFile; fileRef = 233AECA12920D6D500036360 /* Road_Sign_DetectorApp.swift */; };
		233AECA42920D6D500036360 /* ContentView.swift in Sources */ = {isa = PBXBuildFile; fileRef = 233AECA32920D6D500036360 /* ContentView.swift */; };
		233AECA62920D6D700036360 /* Assets.xcassets in Resources */ = {isa = PBXBuildFile; fileRef = 233AECA52920D6D700036360 /* Assets.xcassets */; };
		233AECA92920D6D700036360 /* Preview Assets.xcassets in Resources */ = {isa = PBXBuildFile; fileRef = 233AECA82920D6D700036360 /* Preview Assets.xcassets */; };
		233AECB02920D78000036360 /* ARViewContainer.swift in Sources */ = {isa = PBXBuildFile; fileRef = 233AECAF2920D78000036360 /* ARViewContainer.swift */; };
		236699912920E83E006E49C2 /* TrafficSignRecognitionViewController.swift in Sources */ = {isa = PBXBuildFile; fileRef = 236699902920E83E006E49C2 /* TrafficSignRecognitionViewController.swift */; };
		236699932920E8F6006E49C2 /* SpeechManager.swift in Sources */ = {isa = PBXBuildFile; fileRef = 236699922920E8F5006E49C2 /* SpeechManager.swift */; };
		236699952920ECBE006E49C2 /* SignDetection3 1 Iteration 14220.mlmodel in Sources */ = {isa = PBXBuildFile; fileRef = 236699942920ECBE006E49C2 /* SignDetection3 1 Iteration 14220.mlmodel */; };
		236699972920FBE2006E49C2 /* WarningSign.swift in Sources */ = {isa = PBXBuildFile; fileRef = 236699962920FBE2006E49C2 /* WarningSign.swift */; };
/* End PBXBuildFile section */

/* Begin PBXFileReference section */
		233AEC9E2920D6D500036360 /* Road Sign Detector.app */ = {isa = PBXFileReference; explicitFileType = wrapper.application; includeInIndex = 0; path = "Road Sign Detector.app"; sourceTree = BUILT_PRODUCTS_DIR; };
		233AECA12920D6D500036360 /* Road_Sign_DetectorApp.swift */ = {isa = PBXFileReference; lastKnownFileType = sourcecode.swift; path = Road_Sign_DetectorApp.swift; sourceTree = "<group>"; };
		233AECA32920D6D500036360 /* ContentView.swift */ = {isa = PBXFileReference; lastKnownFileType = sourcecode.swift; path = ContentView.swift; sourceTree = "<group>"; };
		233AECA52920D6D700036360 /* Assets.xcassets */ = {isa = PBXFileReference; lastKnownFileType = folder.assetcatalog; path = Assets.xcassets; sourceTree = "<group>"; };
		233AECA82920D6D700036360 /* Preview Assets.xcassets */ = {isa = PBXFileReference; lastKnownFileType = folder.assetcatalog; path = "Preview Assets.xcassets"; sourceTree = "<group>"; };
		233AECAF2920D78000036360 /* ARViewContainer.swift */ = {isa = PBXFileReference; lastKnownFileType = sourcecode.swift; path = ARViewContainer.swift; sourceTree = "<group>"; };
		236699902920E83E006E49C2 /* TrafficSignRecognitionViewController.swift */ = {isa = PBXFileReference; fileEncoding = 4; lastKnownFileType = sourcecode.swift; path = TrafficSignRecognitionViewController.swift; sourceTree = "<group>"; };
		236699922920E8F5006E49C2 /* SpeechManager.swift */ = {isa = PBXFileReference; fileEncoding = 4; lastKnownFileType = sourcecode.swift; path = SpeechManager.swift; sourceTree = "<group>"; };
		236699942920ECBE006E49C2 /* SignDetection3 1 Iteration 14220.mlmodel */ = {isa = PBXFileReference; lastKnownFileType = file.mlmodel; path = "SignDetection3 1 Iteration 14220.mlmodel"; sourceTree = "<group>"; };
		236699962920FBE2006E49C2 /* WarningSign.swift */ = {isa = PBXFileReference; lastKnownFileType = sourcecode.swift; path = WarningSign.swift; sourceTree = "<group>"; };
/* End PBXFileReference section */

/* Begin PBXFrameworksBuildPhase section */
		233AEC9B2920D6D500036360 /* Frameworks */ = {
			isa = PBXFrameworksBuildPhase;
			buildActionMask = 2147483647;
			files = (
			);
			runOnlyForDeploymentPostprocessing = 0;
		};
/* End PBXFrameworksBuildPhase section */

/* Begin PBXGroup section */
		233AEC952920D6D500036360 = {
			isa = PBXGroup;
			children = (
				233AECA02920D6D500036360 /* Road Sign Detector */,
				233AEC9F2920D6D500036360 /* Products */,
			);
			sourceTree = "<group>";
		};
		233AEC9F2920D6D500036360 /* Products */ = {
			isa = PBXGroup;
			children = (
				233AEC9E2920D6D500036360 /* Road Sign Detector.app */,
			);
			name = Products;
			sourceTree = "<group>";
		};
		233AECA02920D6D500036360 /* Road Sign Detector */ = {
			isa = PBXGroup;
			children = (
				236699942920ECBE006E49C2 /* SignDetection3 1 Iteration 14220.mlmodel */,
				233AECA12920D6D500036360 /* Road_Sign_DetectorApp.swift */,
				233AECA32920D6D500036360 /* ContentView.swift */,
				236699962920FBE2006E49C2 /* WarningSign.swift */,
				236699902920E83E006E49C2 /* TrafficSignRecognitionViewController.swift */,
				236699922920E8F5006E49C2 /* SpeechManager.swift */,
				233AECAF2920D78000036360 /* ARViewContainer.swift */,
				233AECA52920D6D700036360 /* Assets.xcassets */,
				233AECA72920D6D700036360 /* Preview Content */,
			);
			path = "Road Sign Detector";
			sourceTree = "<group>";
		};
		233AECA72920D6D700036360 /* Preview Content */ = {
			isa = PBXGroup;
			children = (
				233AECA82920D6D700036360 /* Preview Assets.xcassets */,
			);
			path = "Preview Content";
			sourceTree = "<group>";
		};
/* End PBXGroup section */

/* Begin PBXNativeTarget section */
		233AEC9D2920D6D500036360 /* Road Sign Detector */ = {
			isa = PBXNativeTarget;
			buildConfigurationList = 233AECAC2920D6D700036360 /* Build configuration list for PBXNativeTarget "Road Sign Detector" */;
			buildPhases = (
				233AEC9A2920D6D500036360 /* Sources */,
				233AEC9B2920D6D500036360 /* Frameworks */,
				233AEC9C2920D6D500036360 /* Resources */,
			);
			buildRules = (
			);
			dependencies = (
			);
			name = "Road Sign Detector";
			productName = "Road Sign Detector";
			productReference = 233AEC9E2920D6D500036360 /* Road Sign Detector.app */;
			productType = "com.apple.product-type.application";
		};
/* End PBXNativeTarget section */

/* Begin PBXProject section */
		233AEC962920D6D500036360 /* Project object */ = {
			isa = PBXProject;
			attributes = {
				BuildIndependentTargetsInParallel = 1;
				LastSwiftUpdateCheck = 1410;
				LastUpgradeCheck = 1410;
				TargetAttributes = {
					233AEC9D2920D6D500036360 = {
						CreatedOnToolsVersion = 14.1;
					};
				};
			};
			buildConfigurationList = 233AEC992920D6D500036360 /* Build configuration list for PBXProject "Road Sign Detector" */;
			compatibilityVersion = "Xcode 14.0";
			developmentRegion = en;
			hasScannedForEncodings = 0;
			knownRegions = (
				en,
				Base,
			);
			mainGroup = 233AEC952920D6D500036360;
			productRefGroup = 233AEC9F2920D6D500036360 /* Products */;
			projectDirPath = "";
			projectRoot = "";
			targets = (
				233AEC9D2920D6D500036360 /* Road Sign Detector */,
			);
		};
/* End PBXProject section */

/* Begin PBXResourcesBuildPhase section */
		233AEC9C2920D6D500036360 /* Resources */ = {
			isa = PBXResourcesBuildPhase;
			buildActionMask = 2147483647;
			files = (
				233AECA92920D6D700036360 /* Preview Assets.xcassets in Resources */,
				233AECA62920D6D700036360 /* Assets.xcassets in Resources */,
			);
			runOnlyForDeploymentPostprocessing = 0;
		};
/* End PBXResourcesBuildPhase section */

/* Begin PBXSourcesBuildPhase section */
		233AEC9A2920D6D500036360 /* Sources */ = {
			isa = PBXSourcesBuildPhase;
			buildActionMask = 2147483647;
			files = (
				236699952920ECBE006E49C2 /* SignDetection3 1 Iteration 14220.mlmodel in Sources */,
				233AECA42920D6D500036360 /* ContentView.swift in Sources */,
				236699932920E8F6006E49C2 /* SpeechManager.swift in Sources */,
				236699972920FBE2006E49C2 /* WarningSign.swift in Sources */,
				236699912920E83E006E49C2 /* TrafficSignRecognitionViewController.swift in Sources */,
				233AECB02920D78000036360 /* ARViewContainer.swift in Sources */,
				233AECA22920D6D500036360 /* Road_Sign_DetectorApp.swift in Sources */,
			);
			runOnlyForDeploymentPostprocessing = 0;
		};
/* End PBXSourcesBuildPhase section */

/* Begin XCBuildConfiguration section */
		233AECAA2920D6D700036360 /* Debug */ = {
			isa = XCBuildConfiguration;
			buildSettings = {
				ALWAYS_SEARCH_USER_PATHS = NO;
				CLANG_ANALYZER_NONNULL = YES;
				CLANG_ANALYZER_NUMBER_OBJECT_CONVERSION = YES_AGGRESSIVE;
				CLANG_CXX_LANGUAGE_STANDARD = "gnu++20";
				CLANG_ENABLE_MODULES = YES;
				CLANG_ENABLE_OBJC_ARC = YES;
				CLANG_ENABLE_OBJC_WEAK = YES;
				CLANG_WARN_BLOCK_CAPTURE_AUTORELEASING = YES;
				CLANG_WARN_BOOL_CONVERSION = YES;
				CLANG_WARN_COMMA = YES;
				CLANG_WARN_CONSTANT_CONVERSION = YES;
				CLANG_WARN_DEPRECATED_OBJC_IMPLEMENTATIONS = YES;
				CLANG_WARN_DIRECT_OBJC_ISA_USAGE = YES_ERROR;
				CLANG_WARN_DOCUMENTATION_COMMENTS = YES;
				CLANG_WARN_EMPTY_BODY = YES;
				CLANG_WARN_ENUM_CONVERSION = YES;
				CLANG_WARN_INFINITE_RECURSION = YES;
				CLANG_WARN_INT_CONVERSION = YES;
				CLANG_WARN_NON_LITERAL_NULL_CONVERSION = YES;
				CLANG_WARN_OBJC_IMPLICIT_RETAIN_SELF = YES;
				CLANG_WARN_OBJC_LITERAL_CONVERSION = YES;
				CLANG_WARN_OBJC_ROOT_CLASS = YES_ERROR;
				CLANG_WARN_QUOTED_INCLUDE_IN_FRAMEWORK_HEADER = YES;
				CLANG_WARN_RANGE_LOOP_ANALYSIS = YES;
				CLANG_WARN_STRICT_PROTOTYPES = YES;
				CLANG_WARN_SUSPICIOUS_MOVE = YES;
				CLANG_WARN_UNGUARDED_AVAILABILITY = YES_AGGRESSIVE;
				CLANG_WARN_UNREACHABLE_CODE = YES;
				CLANG_WARN__DUPLICATE_METHOD_MATCH = YES;
				COPY_PHASE_STRIP = NO;
				DEBUG_INFORMATION_FORMAT = dwarf;
				ENABLE_STRICT_OBJC_MSGSEND = YES;
				ENABLE_TESTABILITY = YES;
				GCC_C_LANGUAGE_STANDARD = gnu11;
				GCC_DYNAMIC_NO_PIC = NO;
				GCC_NO_COMMON_BLOCKS = YES;
				GCC_OPTIMIZATION_LEVEL = 0;
				GCC_PREPROCESSOR_DEFINITIONS = (
					"DEBUG=1",
					"$(inherited)",
				);
				GCC_WARN_64_TO_32_BIT_CONVERSION = YES;
				GCC_WARN_ABOUT_RETURN_TYPE = YES_ERROR;
				GCC_WARN_UNDECLARED_SELECTOR = YES;
				GCC_WARN_UNINITIALIZED_AUTOS = YES_AGGRESSIVE;
				GCC_WARN_UNUSED_FUNCTION = YES;
				GCC_WARN_UNUSED_VARIABLE = YES;
				IPHONEOS_DEPLOYMENT_TARGET = 16.1;
				MTL_ENABLE_DEBUG_INFO = INCLUDE_SOURCE;
				MTL_FAST_MATH = YES;
				ONLY_ACTIVE_ARCH = YES;
				SDKROOT = iphoneos;
				SWIFT_ACTIVE_COMPILATION_CONDITIONS = DEBUG;
				SWIFT_OPTIMIZATION_LEVEL = "-Onone";
			};
			name = Debug;
		};
		233AECAB2920D6D700036360 /* Release */ = {
			isa = XCBuildConfiguration;
			buildSettings = {
				ALWAYS_SEARCH_USER_PATHS = NO;
				CLANG_ANALYZER_NONNULL = YES;
				CLANG_ANALYZER_NUMBER_OBJECT_CONVERSION = YES_AGGRESSIVE;
				CLANG_CXX_LANGUAGE_STANDARD = "gnu++20";
				CLANG_ENABLE_MODULES = YES;
				CLANG_ENABLE_OBJC_ARC = YES;
				CLANG_ENABLE_OBJC_WEAK = YES;
				CLANG_WARN_BLOCK_CAPTURE_AUTORELEASING = YES;
				CLANG_WARN_BOOL_CONVERSION = YES;
				CLANG_WARN_COMMA = YES;
				CLANG_WARN_CONSTANT_CONVERSION = YES;
				CLANG_WARN_DEPRECATED_OBJC_IMPLEMENTATIONS = YES;
				CLANG_WARN_DIRECT_OBJC_ISA_USAGE = YES_ERROR;
				CLANG_WARN_DOCUMENTATION_COMMENTS = YES;
				CLANG_WARN_EMPTY_BODY = YES;
				CLANG_WARN_ENUM_CONVERSION = YES;
				CLANG_WARN_INFINITE_RECURSION = YES;
				CLANG_WARN_INT_CONVERSION = YES;
				CLANG_WARN_NON_LITERAL_NULL_CONVERSION = YES;
				CLANG_WARN_OBJC_IMPLICIT_RETAIN_SELF = YES;
				CLANG_WARN_OBJC_LITERAL_CONVERSION = YES;
				CLANG_WARN_OBJC_ROOT_CLASS = YES_ERROR;
				CLANG_WARN_QUOTED_INCLUDE_IN_FRAMEWORK_HEADER = YES;
				CLANG_WARN_RANGE_LOOP_ANALYSIS = YES;
				CLANG_WARN_STRICT_PROTOTYPES = YES;
				CLANG_WARN_SUSPICIOUS_MOVE = YES;
				CLANG_WARN_UNGUARDED_AVAILABILITY = YES_AGGRESSIVE;
				CLANG_WARN_UNREACHABLE_CODE = YES;
				CLANG_WARN__DUPLICATE_METHOD_MATCH = YES;
				COPY_PHASE_STRIP = NO;
				DEBUG_INFORMATION_FORMAT = "dwarf-with-dsym";
				ENABLE_NS_ASSERTIONS = NO;
				ENABLE_STRICT_OBJC_MSGSEND = YES;
				GCC_C_LANGUAGE_STANDARD = gnu11;
				GCC_NO_COMMON_BLOCKS = YES;
				GCC_WARN_64_TO_32_BIT_CONVERSION = YES;
				GCC_WARN_ABOUT_RETURN_TYPE = YES_ERROR;
				GCC_WARN_UNDECLARED_SELECTOR = YES;
				GCC_WARN_UNINITIALIZED_AUTOS = YES_AGGRESSIVE;
				GCC_WARN_UNUSED_FUNCTION = YES;
				GCC_WARN_UNUSED_VARIABLE = YES;
				IPHONEOS_DEPLOYMENT_TARGET = 16.1;
				MTL_ENABLE_DEBUG_INFO = NO;
				MTL_FAST_MATH = YES;
				SDKROOT = iphoneos;
				SWIFT_COMPILATION_MODE = wholemodule;
				SWIFT_OPTIMIZATION_LEVEL = "-O";
				VALIDATE_PRODUCT = YES;
			};
			name = Release;
		};
		233AECAD2920D6D700036360 /* Debug */ = {
			isa = XCBuildConfiguration;
			buildSettings = {
				ASSETCATALOG_COMPILER_APPICON_NAME = AppIcon;
				ASSETCATALOG_COMPILER_GLOBAL_ACCENT_COLOR_NAME = AccentColor;
				CODE_SIGN_STYLE = Automatic;
				CURRENT_PROJECT_VERSION = 1;
				DEVELOPMENT_ASSET_PATHS = "\"Road Sign Detector/Preview Content\"";
				DEVELOPMENT_TEAM = 9W7546BN3K;
				ENABLE_PREVIEWS = YES;
				GENERATE_INFOPLIST_FILE = YES;
				INFOPLIST_KEY_NSCameraUsageDescription = "Camera is used to detect road signs and monitor driver awareness";
				INFOPLIST_KEY_UIApplicationSceneManifest_Generation = YES;
				INFOPLIST_KEY_UIApplicationSupportsIndirectInputEvents = YES;
				INFOPLIST_KEY_UILaunchScreen_Generation = YES;
				INFOPLIST_KEY_UISupportedInterfaceOrientations = "UIInterfaceOrientationLandscapeLeft UIInterfaceOrientationLandscapeRight UIInterfaceOrientationPortrait";
				INFOPLIST_KEY_UISupportedInterfaceOrientations_iPad = "UIInterfaceOrientationLandscapeLeft UIInterfaceOrientationLandscapeRight UIInterfaceOrientationPortrait UIInterfaceOrientationPortraitUpsideDown";
				LD_RUNPATH_SEARCH_PATHS = (
					"$(inherited)",
					"@executable_path/Frameworks",
				);
				MARKETING_VERSION = 1.0;
				PRODUCT_BUNDLE_IDENTIFIER = "com.hackutd.Road-Sign-Detector";
				PRODUCT_NAME = "$(TARGET_NAME)";
				SWIFT_EMIT_LOC_STRINGS = YES;
				SWIFT_VERSION = 5.0;
				TARGETED_DEVICE_FAMILY = "1,2";
			};
			name = Debug;
		};
		233AECAE2920D6D700036360 /* Release */ = {
			isa = XCBuildConfiguration;
			buildSettings = {
				ASSETCATALOG_COMPILER_APPICON_NAME = AppIcon;
				ASSETCATALOG_COMPILER_GLOBAL_ACCENT_COLOR_NAME = AccentColor;
				CODE_SIGN_STYLE = Automatic;
				CURRENT_PROJECT_VERSION = 1;
				DEVELOPMENT_ASSET_PATHS = "\"Road Sign Detector/Preview Content\"";
				DEVELOPMENT_TEAM = 9W7546BN3K;
				ENABLE_PREVIEWS = YES;
				GENERATE_INFOPLIST_FILE = YES;
				INFOPLIST_KEY_NSCameraUsageDescription = "Camera is used to detect road signs and monitor driver awareness";
				INFOPLIST_KEY_UIApplicationSceneManifest_Generation = YES;
				INFOPLIST_KEY_UIApplicationSupportsIndirectInputEvents = YES;
				INFOPLIST_KEY_UILaunchScreen_Generation = YES;
				INFOPLIST_KEY_UISupportedInterfaceOrientations = "UIInterfaceOrientationLandscapeLeft UIInterfaceOrientationLandscapeRight UIInterfaceOrientationPortrait";
				INFOPLIST_KEY_UISupportedInterfaceOrientations_iPad = "UIInterfaceOrientationLandscapeLeft UIInterfaceOrientationLandscapeRight UIInterfaceOrientationPortrait UIInterfaceOrientationPortraitUpsideDown";
				LD_RUNPATH_SEARCH_PATHS = (
					"$(inherited)",
					"@executable_path/Frameworks",
				);
				MARKETING_VERSION = 1.0;
				PRODUCT_BUNDLE_IDENTIFIER = "com.hackutd.Road-Sign-Detector";
				PRODUCT_NAME = "$(TARGET_NAME)";
				SWIFT_EMIT_LOC_STRINGS = YES;
				SWIFT_VERSION = 5.0;
				TARGETED_DEVICE_FAMILY = "1,2";
			};
			name = Release;
		};
/* End XCBuildConfiguration section */

/* Begin XCConfigurationList section */
		233AEC992920D6D500036360 /* Build configuration list for PBXProject "Road Sign Detector" */ = {
			isa = XCConfigurationList;
			buildConfigurations = (
				233AECAA2920D6D700036360 /* Debug */,
				233AECAB2920D6D700036360 /* Release */,
			);
			defaultConfigurationIsVisible = 0;
			defaultConfigurationName = Release;
		};
		233AECAC2920D6D700036360 /* Build configuration list for PBXNativeTarget "Road Sign Detector" */ = {
			isa = XCConfigurationList;
			buildConfigurations = (
				233AECAD2920D6D700036360 /* Debug */,
				233AECAE2920D6D700036360 /* Release */,
			);
			defaultConfigurationIsVisible = 0;
			defaultConfigurationName = Release;
		};
/* End XCConfigurationList section */
	};
	rootObject = 233AEC962920D6D500036360 /* Project object */;
}
